{
    "_meta": {
        "hash": {
            "sha256": "ff0e8be8fc93b61eb5bb0d0e63e186255ff5e0a3839fd1159fa5e28f3329dd11"
        },
        "pipfile-spec": 6,
        "requires": {
            "python_full_version": "3.6.3"
        },
        "sources": [
            {
                "name": "pypi",
                "url": "https://pypi.org/simple",
                "verify_ssl": true
            }
        ]
    },
    "default": {},
    "develop": {}
}
